// !$*UTF8*$!
{
	archiveVersion = 1;
	classes = {
	};
	objectVersion = 56;
	objects = {

/* Begin PBXBuildFile section */
		2EF1ADB02C8A432E003E0A1B /* AppDelegate.swift in Sources */ = {isa = PBXBuildFile; fileRef = 2EF1ADAF2C8A432E003E0A1B /* AppDelegate.swift */; };
		2EF1ADB92C8A4330003E0A1B /* Assets.xcassets in Resources */ = {isa = PBXBuildFile; fileRef = 2EF1ADB82C8A4330003E0A1B /* Assets.xcassets */; };
		2EF1ADBC2C8A4330003E0A1B /* LaunchScreen.storyboard in Resources */ = {isa = PBXBuildFile; fileRef = 2EF1ADBA2C8A4330003E0A1B /* LaunchScreen.storyboard */; };
		2EF1ADC42C8A4564003E0A1B /* AppCoordinator.swift in Sources */ = {isa = PBXBuildFile; fileRef = 2EF1ADC32C8A4564003E0A1B /* AppCoordinator.swift */; };
		2EF1ADC62C8A458A003E0A1B /* Coordinator.swift in Sources */ = {isa = PBXBuildFile; fileRef = 2EF1ADC52C8A458A003E0A1B /* Coordinator.swift */; };
		2EF1ADC82C8A45AC003E0A1B /* QuizCoordinator.swift in Sources */ = {isa = PBXBuildFile; fileRef = 2EF1ADC72C8A45AC003E0A1B /* QuizCoordinator.swift */; };
		2EF1ADCA2C8A45D4003E0A1B /* StartCoordinator.swift in Sources */ = {isa = PBXBuildFile; fileRef = 2EF1ADC92C8A45D4003E0A1B /* StartCoordinator.swift */; };
		2EF1ADE12C8A4958003E0A1B /* User.swift in Sources */ = {isa = PBXBuildFile; fileRef = 2EF1ADE02C8A4958003E0A1B /* User.swift */; };
		2EF1ADE32C8A4993003E0A1B /* StartViewController.swift in Sources */ = {isa = PBXBuildFile; fileRef = 2EF1ADE22C8A4993003E0A1B /* StartViewController.swift */; };
		2EF1ADE52C8A49B5003E0A1B /* StartViewModel.swift in Sources */ = {isa = PBXBuildFile; fileRef = 2EF1ADE42C8A49B5003E0A1B /* StartViewModel.swift */; };
		2EF1ADEE2C8A4BB8003E0A1B /* QuizViewController.swift in Sources */ = {isa = PBXBuildFile; fileRef = 2EF1ADED2C8A4BB8003E0A1B /* QuizViewController.swift */; };
		2EF1ADF02C8A4BC9003E0A1B /* QuizViewModel.swift in Sources */ = {isa = PBXBuildFile; fileRef = 2EF1ADEF2C8A4BC9003E0A1B /* QuizViewModel.swift */; };
		2EF1ADF32C8A4D9A003E0A1B /* Service.swift in Sources */ = {isa = PBXBuildFile; fileRef = 2EF1ADF22C8A4D9A003E0A1B /* Service.swift */; };
		2EF1ADF62C8A4E4F003E0A1B /* Endpoints.swift in Sources */ = {isa = PBXBuildFile; fileRef = 2EF1ADF52C8A4E4F003E0A1B /* Endpoints.swift */; };
		2EF1ADF82C8A4E92003E0A1B /* QuizService.swift in Sources */ = {isa = PBXBuildFile; fileRef = 2EF1ADF72C8A4E92003E0A1B /* QuizService.swift */; };
		2EF1ADFA2C8A4F2E003E0A1B /* Response.swift in Sources */ = {isa = PBXBuildFile; fileRef = 2EF1ADF92C8A4F2E003E0A1B /* Response.swift */; };
		2EF1ADFD2C8A4FB2003E0A1B /* Question.swift in Sources */ = {isa = PBXBuildFile; fileRef = 2EF1ADFC2C8A4FB2003E0A1B /* Question.swift */; };
		2EF1ADFF2C8A75C7003E0A1B /* FinalScoreViewController.swift in Sources */ = {isa = PBXBuildFile; fileRef = 2EF1ADFE2C8A75C7003E0A1B /* FinalScoreViewController.swift */; };
		2EF1AE022C8A7CCC003E0A1B /* Localizable.strings in Resources */ = {isa = PBXBuildFile; fileRef = 2EF1AE012C8A7CCC003E0A1B /* Localizable.strings */; };
		2EF1AE042C8A7E1E003E0A1B /* StringExtension.swift in Sources */ = {isa = PBXBuildFile; fileRef = 2EF1AE032C8A7E1E003E0A1B /* StringExtension.swift */; };
/* End PBXBuildFile section */

/* Begin PBXFileReference section */
		2EF1ADAC2C8A432E003E0A1B /* QuizGame.app */ = {isa = PBXFileReference; explicitFileType = wrapper.application; includeInIndex = 0; path = QuizGame.app; sourceTree = BUILT_PRODUCTS_DIR; };
		2EF1ADAF2C8A432E003E0A1B /* AppDelegate.swift */ = {isa = PBXFileReference; lastKnownFileType = sourcecode.swift; path = AppDelegate.swift; sourceTree = "<group>"; };
		2EF1ADB82C8A4330003E0A1B /* Assets.xcassets */ = {isa = PBXFileReference; lastKnownFileType = folder.assetcatalog; path = Assets.xcassets; sourceTree = "<group>"; };
		2EF1ADBB2C8A4330003E0A1B /* Base */ = {isa = PBXFileReference; lastKnownFileType = file.storyboard; name = Base; path = Base.lproj/LaunchScreen.storyboard; sourceTree = "<group>"; };
		2EF1ADBD2C8A4330003E0A1B /* Info.plist */ = {isa = PBXFileReference; lastKnownFileType = text.plist.xml; path = Info.plist; sourceTree = "<group>"; };
		2EF1ADC32C8A4564003E0A1B /* AppCoordinator.swift */ = {isa = PBXFileReference; lastKnownFileType = sourcecode.swift; path = AppCoordinator.swift; sourceTree = "<group>"; };
		2EF1ADC52C8A458A003E0A1B /* Coordinator.swift */ = {isa = PBXFileReference; lastKnownFileType = sourcecode.swift; path = Coordinator.swift; sourceTree = "<group>"; };
		2EF1ADC72C8A45AC003E0A1B /* QuizCoordinator.swift */ = {isa = PBXFileReference; lastKnownFileType = sourcecode.swift; path = QuizCoordinator.swift; sourceTree = "<group>"; };
		2EF1ADC92C8A45D4003E0A1B /* StartCoordinator.swift */ = {isa = PBXFileReference; lastKnownFileType = sourcecode.swift; path = StartCoordinator.swift; sourceTree = "<group>"; };
		2EF1ADE02C8A4958003E0A1B /* User.swift */ = {isa = PBXFileReference; lastKnownFileType = sourcecode.swift; path = User.swift; sourceTree = "<group>"; };
		2EF1ADE22C8A4993003E0A1B /* StartViewController.swift */ = {isa = PBXFileReference; lastKnownFileType = sourcecode.swift; path = StartViewController.swift; sourceTree = "<group>"; };
		2EF1ADE42C8A49B5003E0A1B /* StartViewModel.swift */ = {isa = PBXFileReference; lastKnownFileType = sourcecode.swift; path = StartViewModel.swift; sourceTree = "<group>"; };
		2EF1ADED2C8A4BB8003E0A1B /* QuizViewController.swift */ = {isa = PBXFileReference; fileEncoding = 4; lastKnownFileType = sourcecode.swift; path = QuizViewController.swift; sourceTree = "<group>"; };
		2EF1ADEF2C8A4BC9003E0A1B /* QuizViewModel.swift */ = {isa = PBXFileReference; lastKnownFileType = sourcecode.swift; path = QuizViewModel.swift; sourceTree = "<group>"; };
		2EF1ADF22C8A4D9A003E0A1B /* Service.swift */ = {isa = PBXFileReference; lastKnownFileType = sourcecode.swift; path = Service.swift; sourceTree = "<group>"; };
		2EF1ADF52C8A4E4F003E0A1B /* Endpoints.swift */ = {isa = PBXFileReference; lastKnownFileType = sourcecode.swift; path = Endpoints.swift; sourceTree = "<group>"; };
		2EF1ADF72C8A4E92003E0A1B /* QuizService.swift */ = {isa = PBXFileReference; lastKnownFileType = sourcecode.swift; path = QuizService.swift; sourceTree = "<group>"; };
		2EF1ADF92C8A4F2E003E0A1B /* Response.swift */ = {isa = PBXFileReference; lastKnownFileType = sourcecode.swift; path = Response.swift; sourceTree = "<group>"; };
		2EF1ADFC2C8A4FB2003E0A1B /* Question.swift */ = {isa = PBXFileReference; lastKnownFileType = sourcecode.swift; path = Question.swift; sourceTree = "<group>"; };
		2EF1ADFE2C8A75C7003E0A1B /* FinalScoreViewController.swift */ = {isa = PBXFileReference; lastKnownFileType = sourcecode.swift; path = FinalScoreViewController.swift; sourceTree = "<group>"; };
		2EF1AE012C8A7CCC003E0A1B /* Localizable.strings */ = {isa = PBXFileReference; lastKnownFileType = text.plist.strings; path = Localizable.strings; sourceTree = "<group>"; };
		2EF1AE032C8A7E1E003E0A1B /* StringExtension.swift */ = {isa = PBXFileReference; lastKnownFileType = sourcecode.swift; path = StringExtension.swift; sourceTree = "<group>"; };
/* End PBXFileReference section */

/* Begin PBXFrameworksBuildPhase section */
		2EF1ADA92C8A432E003E0A1B /* Frameworks */ = {
			isa = PBXFrameworksBuildPhase;
			buildActionMask = 2147483647;
			files = (
			);
			runOnlyForDeploymentPostprocessing = 0;
		};
/* End PBXFrameworksBuildPhase section */

/* Begin PBXGroup section */
		2EF1ADA32C8A432E003E0A1B = {
			isa = PBXGroup;
			children = (
				2EF1ADAE2C8A432E003E0A1B /* QuizGame */,
				2EF1ADAD2C8A432E003E0A1B /* Products */,
			);
			sourceTree = "<group>";
		};
		2EF1ADAD2C8A432E003E0A1B /* Products */ = {
			isa = PBXGroup;
			children = (
				2EF1ADAC2C8A432E003E0A1B /* QuizGame.app */,
			);
			name = Products;
			sourceTree = "<group>";
		};
		2EF1ADAE2C8A432E003E0A1B /* QuizGame */ = {
			isa = PBXGroup;
			children = (
				2EF1ADBA2C8A4330003E0A1B /* LaunchScreen.storyboard */,
				2EF1ADE62C8A4A11003E0A1B /* Application */,
				2EF1ADE72C8A4A20003E0A1B /* Scenes */,
			);
			path = QuizGame;
			sourceTree = "<group>";
		};
		2EF1ADE62C8A4A11003E0A1B /* Application */ = {
			isa = PBXGroup;
			children = (
				2EF1ADAF2C8A432E003E0A1B /* AppDelegate.swift */,
				2EF1AE002C8A7C99003E0A1B /* Constants */,
				2EF1ADE82C8A4A45003E0A1B /* Coordinator */,
				2EF1ADF42C8A4DE5003E0A1B /* Endpoints */,
				2EF1ADF12C8A4D5F003E0A1B /* Service */,
				2EF1ADEC2C8A4B43003E0A1B /* Support */,
				2EF1ADFB2C8A4F70003E0A1B /* Utils */,
			);
			path = Application;
			sourceTree = "<group>";
		};
		2EF1ADE72C8A4A20003E0A1B /* Scenes */ = {
			isa = PBXGroup;
			children = (
				2EF1ADE92C8A4A77003E0A1B /* Start */,
				2EF1ADEA2C8A4ACB003E0A1B /* Quiz */,
				2EF1ADEB2C8A4B13003E0A1B /* Score */,
			);
			path = Scenes;
			sourceTree = "<group>";
		};
		2EF1ADE82C8A4A45003E0A1B /* Coordinator */ = {
			isa = PBXGroup;
			children = (
				2EF1ADC32C8A4564003E0A1B /* AppCoordinator.swift */,
				2EF1ADC52C8A458A003E0A1B /* Coordinator.swift */,
			);
			path = Coordinator;
			sourceTree = "<group>";
		};
		2EF1ADE92C8A4A77003E0A1B /* Start */ = {
			isa = PBXGroup;
			children = (
				2EF1ADE22C8A4993003E0A1B /* StartViewController.swift */,
				2EF1ADE42C8A49B5003E0A1B /* StartViewModel.swift */,
				2EF1ADC92C8A45D4003E0A1B /* StartCoordinator.swift */,
			);
			path = Start;
			sourceTree = "<group>";
		};
		2EF1ADEA2C8A4ACB003E0A1B /* Quiz */ = {
			isa = PBXGroup;
			children = (
				2EF1ADC72C8A45AC003E0A1B /* QuizCoordinator.swift */,
				2EF1ADED2C8A4BB8003E0A1B /* QuizViewController.swift */,
				2EF1ADEF2C8A4BC9003E0A1B /* QuizViewModel.swift */,
				2EF1ADF72C8A4E92003E0A1B /* QuizService.swift */,
			);
			path = Quiz;
			sourceTree = "<group>";
		};
		2EF1ADEB2C8A4B13003E0A1B /* Score */ = {
			isa = PBXGroup;
			children = (
				2EF1ADFE2C8A75C7003E0A1B /* FinalScoreViewController.swift */,
			);
			path = Score;
			sourceTree = "<group>";
		};
		2EF1ADEC2C8A4B43003E0A1B /* Support */ = {
			isa = PBXGroup;
			children = (
				2EF1ADB82C8A4330003E0A1B /* Assets.xcassets */,
				2EF1ADBD2C8A4330003E0A1B /* Info.plist */,
			);
			path = Support;
			sourceTree = "<group>";
		};
		2EF1ADF12C8A4D5F003E0A1B /* Service */ = {
			isa = PBXGroup;
			children = (
				2EF1ADF22C8A4D9A003E0A1B /* Service.swift */,
			);
			path = Service;
			sourceTree = "<group>";
		};
		2EF1ADF42C8A4DE5003E0A1B /* Endpoints */ = {
			isa = PBXGroup;
			children = (
				2EF1ADF52C8A4E4F003E0A1B /* Endpoints.swift */,
			);
			path = Endpoints;
			sourceTree = "<group>";
		};
		2EF1ADFB2C8A4F70003E0A1B /* Utils */ = {
			isa = PBXGroup;
			children = (
				2EF1ADE02C8A4958003E0A1B /* User.swift */,
				2EF1ADF92C8A4F2E003E0A1B /* Response.swift */,
				2EF1ADFC2C8A4FB2003E0A1B /* Question.swift */,
				2EF1AE032C8A7E1E003E0A1B /* StringExtension.swift */,
			);
			path = Utils;
			sourceTree = "<group>";
		};
		2EF1AE002C8A7C99003E0A1B /* Constants */ = {
			isa = PBXGroup;
			children = (
				2EF1AE012C8A7CCC003E0A1B /* Localizable.strings */,
			);
			path = Constants;
			sourceTree = "<group>";
		};
/* End PBXGroup section */

/* Begin PBXNativeTarget section */
		2EF1ADAB2C8A432E003E0A1B /* QuizGame */ = {
			isa = PBXNativeTarget;
			buildConfigurationList = 2EF1ADC02C8A4330003E0A1B /* Build configuration list for PBXNativeTarget "QuizGame" */;
			buildPhases = (
				2EF1ADA82C8A432E003E0A1B /* Sources */,
				2EF1ADA92C8A432E003E0A1B /* Frameworks */,
				2EF1ADAA2C8A432E003E0A1B /* Resources */,
			);
			buildRules = (
			);
			dependencies = (
			);
			name = QuizGame;
			productName = QuizGame;
			productReference = 2EF1ADAC2C8A432E003E0A1B /* QuizGame.app */;
			productType = "com.apple.product-type.application";
		};
/* End PBXNativeTarget section */

/* Begin PBXProject section */
		2EF1ADA42C8A432E003E0A1B /* Project object */ = {
			isa = PBXProject;
			attributes = {
				BuildIndependentTargetsInParallel = 1;
				LastSwiftUpdateCheck = 1520;
				LastUpgradeCheck = 1520;
				TargetAttributes = {
					2EF1ADAB2C8A432E003E0A1B = {
						CreatedOnToolsVersion = 15.2;
					};
				};
			};
			buildConfigurationList = 2EF1ADA72C8A432E003E0A1B /* Build configuration list for PBXProject "QuizGame" */;
			compatibilityVersion = "Xcode 14.0";
			developmentRegion = en;
			hasScannedForEncodings = 0;
			knownRegions = (
				en,
				Base,
			);
			mainGroup = 2EF1ADA32C8A432E003E0A1B;
			productRefGroup = 2EF1ADAD2C8A432E003E0A1B /* Products */;
			projectDirPath = "";
			projectRoot = "";
			targets = (
				2EF1ADAB2C8A432E003E0A1B /* QuizGame */,
			);
		};
/* End PBXProject section */

/* Begin PBXResourcesBuildPhase section */
		2EF1ADAA2C8A432E003E0A1B /* Resources */ = {
			isa = PBXResourcesBuildPhase;
			buildActionMask = 2147483647;
			files = (
				2EF1ADBC2C8A4330003E0A1B /* LaunchScreen.storyboard in Resources */,
				2EF1AE022C8A7CCC003E0A1B /* Localizable.strings in Resources */,
				2EF1ADB92C8A4330003E0A1B /* Assets.xcassets in Resources */,
			);
			runOnlyForDeploymentPostprocessing = 0;
		};
/* End PBXResourcesBuildPhase section */

/* Begin PBXSourcesBuildPhase section */
		2EF1ADA82C8A432E003E0A1B /* Sources */ = {
			isa = PBXSourcesBuildPhase;
			buildActionMask = 2147483647;
			files = (
				2EF1ADFD2C8A4FB2003E0A1B /* Question.swift in Sources */,
				2EF1ADC42C8A4564003E0A1B /* AppCoordinator.swift in Sources */,
				2EF1ADE52C8A49B5003E0A1B /* StartViewModel.swift in Sources */,
				2EF1ADE32C8A4993003E0A1B /* StartViewController.swift in Sources */,
				2EF1ADF02C8A4BC9003E0A1B /* QuizViewModel.swift in Sources */,
				2EF1ADC82C8A45AC003E0A1B /* QuizCoordinator.swift in Sources */,
				2EF1ADE12C8A4958003E0A1B /* User.swift in Sources */,
				2EF1ADFA2C8A4F2E003E0A1B /* Response.swift in Sources */,
				2EF1AE042C8A7E1E003E0A1B /* StringExtension.swift in Sources */,
				2EF1ADCA2C8A45D4003E0A1B /* StartCoordinator.swift in Sources */,
				2EF1ADEE2C8A4BB8003E0A1B /* QuizViewController.swift in Sources */,
				2EF1ADF32C8A4D9A003E0A1B /* Service.swift in Sources */,
				2EF1ADB02C8A432E003E0A1B /* AppDelegate.swift in Sources */,
				2EF1ADF62C8A4E4F003E0A1B /* Endpoints.swift in Sources */,
				2EF1ADFF2C8A75C7003E0A1B /* FinalScoreViewController.swift in Sources */,
				2EF1ADC62C8A458A003E0A1B /* Coordinator.swift in Sources */,
				2EF1ADF82C8A4E92003E0A1B /* QuizService.swift in Sources */,
			);
			runOnlyForDeploymentPostprocessing = 0;
		};
/* End PBXSourcesBuildPhase section */

/* Begin PBXVariantGroup section */
		2EF1ADBA2C8A4330003E0A1B /* LaunchScreen.storyboard */ = {
			isa = PBXVariantGroup;
			children = (
				2EF1ADBB2C8A4330003E0A1B /* Base */,
			);
			name = LaunchScreen.storyboard;
			sourceTree = "<group>";
		};
/* End PBXVariantGroup section */

/* Begin XCBuildConfiguration section */
		2EF1ADBE2C8A4330003E0A1B /* Debug */ = {
			isa = XCBuildConfiguration;
			buildSettings = {
				ALWAYS_SEARCH_USER_PATHS = NO;
				ASSETCATALOG_COMPILER_GENERATE_SWIFT_ASSET_SYMBOL_EXTENSIONS = YES;
				CLANG_ANALYZER_NONNULL = YES;
				CLANG_ANALYZER_NUMBER_OBJECT_CONVERSION = YES_AGGRESSIVE;
				CLANG_CXX_LANGUAGE_STANDARD = "gnu++20";
				CLANG_ENABLE_MODULES = YES;
				CLANG_ENABLE_OBJC_ARC = YES;
				CLANG_ENABLE_OBJC_WEAK = YES;
				CLANG_WARN_BLOCK_CAPTURE_AUTORELEASING = YES;
				CLANG_WARN_BOOL_CONVERSION = YES;
				CLANG_WARN_COMMA = YES;
				CLANG_WARN_CONSTANT_CONVERSION = YES;
				CLANG_WARN_DEPRECATED_OBJC_IMPLEMENTATIONS = YES;
				CLANG_WARN_DIRECT_OBJC_ISA_USAGE = YES_ERROR;
				CLANG_WARN_DOCUMENTATION_COMMENTS = YES;
				CLANG_WARN_EMPTY_BODY = YES;
				CLANG_WARN_ENUM_CONVERSION = YES;
				CLANG_WARN_INFINITE_RECURSION = YES;
				CLANG_WARN_INT_CONVERSION = YES;
				CLANG_WARN_NON_LITERAL_NULL_CONVERSION = YES;
				CLANG_WARN_OBJC_IMPLICIT_RETAIN_SELF = YES;
				CLANG_WARN_OBJC_LITERAL_CONVERSION = YES;
				CLANG_WARN_OBJC_ROOT_CLASS = YES_ERROR;
				CLANG_WARN_QUOTED_INCLUDE_IN_FRAMEWORK_HEADER = YES;
				CLANG_WARN_RANGE_LOOP_ANALYSIS = YES;
				CLANG_WARN_STRICT_PROTOTYPES = YES;
				CLANG_WARN_SUSPICIOUS_MOVE = YES;
				CLANG_WARN_UNGUARDED_AVAILABILITY = YES_AGGRESSIVE;
				CLANG_WARN_UNREACHABLE_CODE = YES;
				CLANG_WARN__DUPLICATE_METHOD_MATCH = YES;
				COPY_PHASE_STRIP = NO;
				DEBUG_INFORMATION_FORMAT = dwarf;
				ENABLE_STRICT_OBJC_MSGSEND = YES;
				ENABLE_TESTABILITY = YES;
				ENABLE_USER_SCRIPT_SANDBOXING = YES;
				GCC_C_LANGUAGE_STANDARD = gnu17;
				GCC_DYNAMIC_NO_PIC = NO;
				GCC_NO_COMMON_BLOCKS = YES;
				GCC_OPTIMIZATION_LEVEL = 0;
				GCC_PREPROCESSOR_DEFINITIONS = (
					"DEBUG=1",
					"$(inherited)",
				);
				GCC_WARN_64_TO_32_BIT_CONVERSION = YES;
				GCC_WARN_ABOUT_RETURN_TYPE = YES_ERROR;
				GCC_WARN_UNDECLARED_SELECTOR = YES;
				GCC_WARN_UNINITIALIZED_AUTOS = YES_AGGRESSIVE;
				GCC_WARN_UNUSED_FUNCTION = YES;
				GCC_WARN_UNUSED_VARIABLE = YES;
				IPHONEOS_DEPLOYMENT_TARGET = 17.2;
				LOCALIZATION_PREFERS_STRING_CATALOGS = YES;
				MTL_ENABLE_DEBUG_INFO = INCLUDE_SOURCE;
				MTL_FAST_MATH = YES;
				ONLY_ACTIVE_ARCH = YES;
				SDKROOT = iphoneos;
				SWIFT_ACTIVE_COMPILATION_CONDITIONS = "DEBUG $(inherited)";
				SWIFT_OPTIMIZATION_LEVEL = "-Onone";
			};
			name = Debug;
		};
		2EF1ADBF2C8A4330003E0A1B /* Release */ = {
			isa = XCBuildConfiguration;
			buildSettings = {
				ALWAYS_SEARCH_USER_PATHS = NO;
				ASSETCATALOG_COMPILER_GENERATE_SWIFT_ASSET_SYMBOL_EXTENSIONS = YES;
				CLANG_ANALYZER_NONNULL = YES;
				CLANG_ANALYZER_NUMBER_OBJECT_CONVERSION = YES_AGGRESSIVE;
				CLANG_CXX_LANGUAGE_STANDARD = "gnu++20";
				CLANG_ENABLE_MODULES = YES;
				CLANG_ENABLE_OBJC_ARC = YES;
				CLANG_ENABLE_OBJC_WEAK = YES;
				CLANG_WARN_BLOCK_CAPTURE_AUTORELEASING = YES;
				CLANG_WARN_BOOL_CONVERSION = YES;
				CLANG_WARN_COMMA = YES;
				CLANG_WARN_CONSTANT_CONVERSION = YES;
				CLANG_WARN_DEPRECATED_OBJC_IMPLEMENTATIONS = YES;
				CLANG_WARN_DIRECT_OBJC_ISA_USAGE = YES_ERROR;
				CLANG_WARN_DOCUMENTATION_COMMENTS = YES;
				CLANG_WARN_EMPTY_BODY = YES;
				CLANG_WARN_ENUM_CONVERSION = YES;
				CLANG_WARN_INFINITE_RECURSION = YES;
				CLANG_WARN_INT_CONVERSION = YES;
				CLANG_WARN_NON_LITERAL_NULL_CONVERSION = YES;
				CLANG_WARN_OBJC_IMPLICIT_RETAIN_SELF = YES;
				CLANG_WARN_OBJC_LITERAL_CONVERSION = YES;
				CLANG_WARN_OBJC_ROOT_CLASS = YES_ERROR;
				CLANG_WARN_QUOTED_INCLUDE_IN_FRAMEWORK_HEADER = YES;
				CLANG_WARN_RANGE_LOOP_ANALYSIS = YES;
				CLANG_WARN_STRICT_PROTOTYPES = YES;
				CLANG_WARN_SUSPICIOUS_MOVE = YES;
				CLANG_WARN_UNGUARDED_AVAILABILITY = YES_AGGRESSIVE;
				CLANG_WARN_UNREACHABLE_CODE = YES;
				CLANG_WARN__DUPLICATE_METHOD_MATCH = YES;
				COPY_PHASE_STRIP = NO;
				DEBUG_INFORMATION_FORMAT = "dwarf-with-dsym";
				ENABLE_NS_ASSERTIONS = NO;
				ENABLE_STRICT_OBJC_MSGSEND = YES;
				ENABLE_USER_SCRIPT_SANDBOXING = YES;
				GCC_C_LANGUAGE_STANDARD = gnu17;
				GCC_NO_COMMON_BLOCKS = YES;
				GCC_WARN_64_TO_32_BIT_CONVERSION = YES;
				GCC_WARN_ABOUT_RETURN_TYPE = YES_ERROR;
				GCC_WARN_UNDECLARED_SELECTOR = YES;
				GCC_WARN_UNINITIALIZED_AUTOS = YES_AGGRESSIVE;
				GCC_WARN_UNUSED_FUNCTION = YES;
				GCC_WARN_UNUSED_VARIABLE = YES;
				IPHONEOS_DEPLOYMENT_TARGET = 17.2;
				LOCALIZATION_PREFERS_STRING_CATALOGS = YES;
				MTL_ENABLE_DEBUG_INFO = NO;
				MTL_FAST_MATH = YES;
				SDKROOT = iphoneos;
				SWIFT_COMPILATION_MODE = wholemodule;
				VALIDATE_PRODUCT = YES;
			};
			name = Release;
		};
		2EF1ADC12C8A4330003E0A1B /* Debug */ = {
			isa = XCBuildConfiguration;
			buildSettings = {
				ASSETCATALOG_COMPILER_APPICON_NAME = AppIcon;
				ASSETCATALOG_COMPILER_GLOBAL_ACCENT_COLOR_NAME = AccentColor;
				CODE_SIGN_STYLE = Automatic;
				CURRENT_PROJECT_VERSION = 1;
				GENERATE_INFOPLIST_FILE = YES;
				INFOPLIST_FILE = QuizGame/Application/Support/Info.plist;
				INFOPLIST_KEY_UIApplicationSupportsIndirectInputEvents = YES;
				INFOPLIST_KEY_UILaunchStoryboardName = LaunchScreen;
				INFOPLIST_KEY_UIMainStoryboardFile = "";
				INFOPLIST_KEY_UISupportedInterfaceOrientations_iPad = "UIInterfaceOrientationPortrait UIInterfaceOrientationPortraitUpsideDown UIInterfaceOrientationLandscapeLeft UIInterfaceOrientationLandscapeRight";
				INFOPLIST_KEY_UISupportedInterfaceOrientations_iPhone = "UIInterfaceOrientationPortrait UIInterfaceOrientationLandscapeLeft UIInterfaceOrientationLandscapeRight";
				LD_RUNPATH_SEARCH_PATHS = (
					"$(inherited)",
					"@executable_path/Frameworks",
				);
				MARKETING_VERSION = 1.0;
				PRODUCT_BUNDLE_IDENTIFIER = otomanimDev.QuizGame;
				PRODUCT_NAME = "$(TARGET_NAME)";
				SWIFT_EMIT_LOC_STRINGS = YES;
				SWIFT_VERSION = 5.0;
				TARGETED_DEVICE_FAMILY = "1,2";
			};
			name = Debug;
		};
		2EF1ADC22C8A4330003E0A1B /* Release */ = {
			isa = XCBuildConfiguration;
			buildSettings = {
				ASSETCATALOG_COMPILER_APPICON_NAME = AppIcon;
				ASSETCATALOG_COMPILER_GLOBAL_ACCENT_COLOR_NAME = AccentColor;
				CODE_SIGN_STYLE = Automatic;
				CURRENT_PROJECT_VERSION = 1;
				GENERATE_INFOPLIST_FILE = YES;
				INFOPLIST_FILE = QuizGame/Application/Support/Info.plist;
				INFOPLIST_KEY_UIApplicationSupportsIndirectInputEvents = YES;
				INFOPLIST_KEY_UILaunchStoryboardName = LaunchScreen;
				INFOPLIST_KEY_UIMainStoryboardFile = "";
				INFOPLIST_KEY_UISupportedInterfaceOrientations_iPad = "UIInterfaceOrientationPortrait UIInterfaceOrientationPortraitUpsideDown UIInterfaceOrientationLandscapeLeft UIInterfaceOrientationLandscapeRight";
				INFOPLIST_KEY_UISupportedInterfaceOrientations_iPhone = "UIInterfaceOrientationPortrait UIInterfaceOrientationLandscapeLeft UIInterfaceOrientationLandscapeRight";
				LD_RUNPATH_SEARCH_PATHS = (
					"$(inherited)",
					"@executable_path/Frameworks",
				);
				MARKETING_VERSION = 1.0;
				PRODUCT_BUNDLE_IDENTIFIER = otomanimDev.QuizGame;
				PRODUCT_NAME = "$(TARGET_NAME)";
				SWIFT_EMIT_LOC_STRINGS = YES;
				SWIFT_VERSION = 5.0;
				TARGETED_DEVICE_FAMILY = "1,2";
			};
			name = Release;
		};
/* End XCBuildConfiguration section */

/* Begin XCConfigurationList section */
		2EF1ADA72C8A432E003E0A1B /* Build configuration list for PBXProject "QuizGame" */ = {
			isa = XCConfigurationList;
			buildConfigurations = (
				2EF1ADBE2C8A4330003E0A1B /* Debug */,
				2EF1ADBF2C8A4330003E0A1B /* Release */,
			);
			defaultConfigurationIsVisible = 0;
			defaultConfigurationName = Release;
		};
		2EF1ADC02C8A4330003E0A1B /* Build configuration list for PBXNativeTarget "QuizGame" */ = {
			isa = XCConfigurationList;
			buildConfigurations = (
				2EF1ADC12C8A4330003E0A1B /* Debug */,
				2EF1ADC22C8A4330003E0A1B /* Release */,
			);
			defaultConfigurationIsVisible = 0;
			defaultConfigurationName = Release;
		};
/* End XCConfigurationList section */
	};
	rootObject = 2EF1ADA42C8A432E003E0A1B /* Project object */;
}
